
Microsoft Visual Studio Solution File, Format Version 12.00
# Visual Studio Version 16
VisualStudioVersion = 16.0.33801.447
MinimumVisualStudioVersion = 10.0.40219.1
Project("{FAE04EC0-301F-11D3-BF4B-00C04F79EFBC}") = "DiagManager", "DiagManager\DiagManager.csproj", "{9D0DE96C-C8FC-406C-997C-BF6996A9B9C6}"
EndProject
Project("{FAE04EC0-301F-11D3-BF4B-00C04F79EFBC}") = "DiagUtil", "DiagUtil\DiagUtil.csproj", "{630B7A34-27D0-4B5D-9C1E-CBCE01A00E66}"
EndProject
Global
	GlobalSection(SolutionConfigurationPlatforms) = preSolution
		Debug|Any CPU = Debug|Any CPU
		Release|Any CPU = Release|Any CPU
	EndGlobalSection
	GlobalSection(ProjectConfigurationPlatforms) = postSolution
		{9D0DE96C-C8FC-406C-997C-BF6996A9B9C6}.Debug|Any CPU.ActiveCfg = Debug|Any CPU
		{9D0DE96C-C8FC-406C-997C-BF6996A9B9C6}.Debug|Any CPU.Build.0 = Debug|Any CPU
		{9D0DE96C-C8FC-406C-997C-BF6996A9B9C6}.Release|Any CPU.ActiveCfg = Release|Any CPU
		{9D0DE96C-C8FC-406C-997C-BF6996A9B9C6}.Release|Any CPU.Build.0 = Release|Any CPU
		{630B7A34-27D0-4B5D-9C1E-CBCE01A00E66}.Debug|Any CPU.ActiveCfg = Debug|Any CPU
		{630B7A34-27D0-4B5D-9C1E-CBCE01A00E66}.Release|Any CPU.ActiveCfg = Release|Any CPU
	EndGlobalSection
	GlobalSection(SolutionProperties) = preSolution
		HideSolutionNode = FALSE
	EndGlobalSection
	GlobalSection(ExtensibilityGlobals) = postSolution
		SolutionGuid = {A1668B27-31AF-4D16-92DB-06C576A42859}
	EndGlobalSection
EndGlobal
